
Microsoft Visual Studio Solution File, Format Version 12.00
# Visual Studio Version 16
VisualStudioVersion = 16.0.28803.156
MinimumVisualStudioVersion = 10.0.40219.1
Project("{2150E333-8FDC-42A3-9474-1A3956D46DE8}") = "src", "src", "{E41CCBF9-3495-41B1-948C-10981E81B8C3}"
EndProject
Project("{9A19103F-16F7-4668-BE54-9A1E7A4F7556}") = "Krist00fer.LightningRouter", "src\Krist00fer.LightningRouter\Krist00fer.LightningRouter.csproj", "{32825EE0-47B1-41B9-B933-D7A2C3D07891}"
EndProject
Project("{9A19103F-16F7-4668-BE54-9A1E7A4F7556}") = "Krist00fer.ConsoleUtils", "src\Krist00fer.ConsoleUtils\Krist00fer.ConsoleUtils.csproj", "{B7C6EB25-F97F-4645-AA11-FF9CBB0B9D49}"
EndProject
Project("{9A19103F-16F7-4668-BE54-9A1E7A4F7556}") = "Krist00fer.CollectionUtils", "src\Krist00fer.CollectionUtils\Krist00fer.CollectionUtils.csproj", "{87BF9814-2DA3-4479-B9B4-FBF3D6002C06}"
EndProject
Global
	GlobalSection(SolutionConfigurationPlatforms) = preSolution
		Debug|Any CPU = Debug|Any CPU
		Debug|x64 = Debug|x64
		Debug|x86 = Debug|x86
		Release|Any CPU = Release|Any CPU
		Release|x64 = Release|x64
		Release|x86 = Release|x86
	EndGlobalSection
	GlobalSection(ProjectConfigurationPlatforms) = postSolution
		{32825EE0-47B1-41B9-B933-D7A2C3D07891}.Debug|Any CPU.ActiveCfg = Debug|Any CPU
		{32825EE0-47B1-41B9-B933-D7A2C3D07891}.Debug|Any CPU.Build.0 = Debug|Any CPU
		{32825EE0-47B1-41B9-B933-D7A2C3D07891}.Debug|x64.ActiveCfg = Debug|Any CPU
		{32825EE0-47B1-41B9-B933-D7A2C3D07891}.Debug|x64.Build.0 = Debug|Any CPU
		{32825EE0-47B1-41B9-B933-D7A2C3D07891}.Debug|x86.ActiveCfg = Debug|Any CPU
		{32825EE0-47B1-41B9-B933-D7A2C3D07891}.Debug|x86.Build.0 = Debug|Any CPU
		{32825EE0-47B1-41B9-B933-D7A2C3D07891}.Release|Any CPU.ActiveCfg = Release|Any CPU
		{32825EE0-47B1-41B9-B933-D7A2C3D07891}.Release|Any CPU.Build.0 = Release|Any CPU
		{32825EE0-47B1-41B9-B933-D7A2C3D07891}.Release|x64.ActiveCfg = Release|Any CPU
		{32825EE0-47B1-41B9-B933-D7A2C3D07891}.Release|x64.Build.0 = Release|Any CPU
		{32825EE0-47B1-41B9-B933-D7A2C3D07891}.Release|x86.ActiveCfg = Release|Any CPU
		{32825EE0-47B1-41B9-B933-D7A2C3D07891}.Release|x86.Build.0 = Release|Any CPU
		{B7C6EB25-F97F-4645-AA11-FF9CBB0B9D49}.Debug|Any CPU.ActiveCfg = Debug|Any CPU
		{B7C6EB25-F97F-4645-AA11-FF9CBB0B9D49}.Debug|Any CPU.Build.0 = Debug|Any CPU
		{B7C6EB25-F97F-4645-AA11-FF9CBB0B9D49}.Debug|x64.ActiveCfg = Debug|Any CPU
		{B7C6EB25-F97F-4645-AA11-FF9CBB0B9D49}.Debug|x64.Build.0 = Debug|Any CPU
		{B7C6EB25-F97F-4645-AA11-FF9CBB0B9D49}.Debug|x86.ActiveCfg = Debug|Any CPU
		{B7C6EB25-F97F-4645-AA11-FF9CBB0B9D49}.Debug|x86.Build.0 = Debug|Any CPU
		{B7C6EB25-F97F-4645-AA11-FF9CBB0B9D49}.Release|Any CPU.ActiveCfg = Release|Any CPU
		{B7C6EB25-F97F-4645-AA11-FF9CBB0B9D49}.Release|Any CPU.Build.0 = Release|Any CPU
		{B7C6EB25-F97F-4645-AA11-FF9CBB0B9D49}.Release|x64.ActiveCfg = Release|Any CPU
		{B7C6EB25-F97F-4645-AA11-FF9CBB0B9D49}.Release|x64.Build.0 = Release|Any CPU
		{B7C6EB25-F97F-4645-AA11-FF9CBB0B9D49}.Release|x86.ActiveCfg = Release|Any CPU
		{B7C6EB25-F97F-4645-AA11-FF9CBB0B9D49}.Release|x86.Build.0 = Release|Any CPU
		{87BF9814-2DA3-4479-B9B4-FBF3D6002C06}.Debug|Any CPU.ActiveCfg = Debug|Any CPU
		{87BF9814-2DA3-4479-B9B4-FBF3D6002C06}.Debug|Any CPU.Build.0 = Debug|Any CPU
		{87BF9814-2DA3-4479-B9B4-FBF3D6002C06}.Debug|x64.ActiveCfg = Debug|Any CPU
		{87BF9814-2DA3-4479-B9B4-FBF3D6002C06}.Debug|x64.Build.0 = Debug|Any CPU
		{87BF9814-2DA3-4479-B9B4-FBF3D6002C06}.Debug|x86.ActiveCfg = Debug|Any CPU
		{87BF9814-2DA3-4479-B9B4-FBF3D6002C06}.Debug|x86.Build.0 = Debug|Any CPU
		{87BF9814-2DA3-4479-B9B4-FBF3D6002C06}.Release|Any CPU.ActiveCfg = Release|Any CPU
		{87BF9814-2DA3-4479-B9B4-FBF3D6002C06}.Release|Any CPU.Build.0 = Release|Any CPU
		{87BF9814-2DA3-4479-B9B4-FBF3D6002C06}.Release|x64.ActiveCfg = Release|Any CPU
		{87BF9814-2DA3-4479-B9B4-FBF3D6002C06}.Release|x64.Build.0 = Release|Any CPU
		{87BF9814-2DA3-4479-B9B4-FBF3D6002C06}.Release|x86.ActiveCfg = Release|Any CPU
		{87BF9814-2DA3-4479-B9B4-FBF3D6002C06}.Release|x86.Build.0 = Release|Any CPU
	EndGlobalSection
	GlobalSection(SolutionProperties) = preSolution
		HideSolutionNode = FALSE
	EndGlobalSection
	GlobalSection(NestedProjects) = preSolution
		{32825EE0-47B1-41B9-B933-D7A2C3D07891} = {E41CCBF9-3495-41B1-948C-10981E81B8C3}
		{B7C6EB25-F97F-4645-AA11-FF9CBB0B9D49} = {E41CCBF9-3495-41B1-948C-10981E81B8C3}
		{87BF9814-2DA3-4479-B9B4-FBF3D6002C06} = {E41CCBF9-3495-41B1-948C-10981E81B8C3}
	EndGlobalSection
	GlobalSection(ExtensibilityGlobals) = postSolution
		SolutionGuid = {D3FA96B0-7835-4581-95A4-FD3EE7062F3A}
	EndGlobalSection
EndGlobal
